
Microsoft Visual Studio Solution File, Format Version 12.00
# Visual Studio Version 16
VisualStudioVersion = 16.0.30413.136
MinimumVisualStudioVersion = 10.0.40219.1
Project("{FAE04EC0-301F-11D3-BF4B-00C04F79EFBC}") = "WebClient Anbar e Sazemanha", "WebClient Anbar e Sazemanha\WebClient Anbar e Sazemanha.csproj", "{8F774593-E89A-4B8B-AE7D-DF3674D1C533}"
EndProject
Global
	GlobalSection(SolutionConfigurationPlatforms) = preSolution
		Debug|Any CPU = Debug|Any CPU
		Release|Any CPU = Release|Any CPU
	EndGlobalSection
	GlobalSection(ProjectConfigurationPlatforms) = postSolution
		{8F774593-E89A-4B8B-AE7D-DF3674D1C533}.Debug|Any CPU.ActiveCfg = Debug|Any CPU
		{8F774593-E89A-4B8B-AE7D-DF3674D1C533}.Debug|Any CPU.Build.0 = Debug|Any CPU
		{8F774593-E89A-4B8B-AE7D-DF3674D1C533}.Release|Any CPU.ActiveCfg = Release|Any CPU
		{8F774593-E89A-4B8B-AE7D-DF3674D1C533}.Release|Any CPU.Build.0 = Release|Any CPU
	EndGlobalSection
	GlobalSection(SolutionProperties) = preSolution
		HideSolutionNode = FALSE
	EndGlobalSection
	GlobalSection(ExtensibilityGlobals) = postSolution
		SolutionGuid = {15864562-76C4-4BA7-9874-DFD19977AAC2}
	EndGlobalSection
EndGlobal
